
Microsoft Visual Studio Solution File, Format Version 12.00
# Visual Studio Version 17
VisualStudioVersion = 17.9.34723.18
MinimumVisualStudioVersion = 10.0.40219.1
Project("{9A19103F-16F7-4668-BE54-9A1E7A4F7556}") = "ProjectCS", "ProjectCS.csproj", "{B2E36EC7-08AE-4973-8D8D-0CBC2FDF1024}"
EndProject
Project("{2150E333-8FDC-42A3-9474-1A3956D46DE8}") = "Solution Items", "Solution Items", "{9B4CB236-F74B-4B5E-824A-FE12E1A06FCE}"
	ProjectSection(SolutionItems) = preProject
		data_analyst.py = data_analyst.py
	EndProjectSection
EndProject
Global
	GlobalSection(SolutionConfigurationPlatforms) = preSolution
		Debug|Any CPU = Debug|Any CPU
		Release|Any CPU = Release|Any CPU
	EndGlobalSection
	GlobalSection(ProjectConfigurationPlatforms) = postSolution
		{B2E36EC7-08AE-4973-8D8D-0CBC2FDF1024}.Debug|Any CPU.ActiveCfg = Debug|Any CPU
		{B2E36EC7-08AE-4973-8D8D-0CBC2FDF1024}.Debug|Any CPU.Build.0 = Debug|Any CPU
		{B2E36EC7-08AE-4973-8D8D-0CBC2FDF1024}.Release|Any CPU.ActiveCfg = Release|Any CPU
		{B2E36EC7-08AE-4973-8D8D-0CBC2FDF1024}.Release|Any CPU.Build.0 = Release|Any CPU
	EndGlobalSection
	GlobalSection(SolutionProperties) = preSolution
		HideSolutionNode = FALSE
	EndGlobalSection
	GlobalSection(ExtensibilityGlobals) = postSolution
		SolutionGuid = {D79586B9-CDDE-45CC-BCC6-5F54EBDEEE9F}
	EndGlobalSection
EndGlobal
